# THIS IS AN AUTOGENERATED FILE. DO NOT EDIT THIS FILE DIRECTLY.
# yarn lockfile v1


htm@^2.0.0:
  version "2.0.0"
  resolved "https://registry.yarnpkg.com/htm/-/htm-2.0.0.tgz#49f43728074b67be7a2fed996b8f069c030e3762"
  integrity sha512-87XIGDvPnS0YcbQag5ES2xAH55q3QRA93YABCavDtMhV5TNQxcdpDkjMZvboBs8uW73Yy4I7Xnp8mrtBgQW/9A==

is-plain-object@^2.0.4:
  version "2.0.4"
  resolved "https://registry.yarnpkg.com/is-plain-object/-/is-plain-object-2.0.4.tgz#2c163b3fafb1b606d9d17928f05c2a1c38e07677"
  integrity sha512-h5PpgXkWitc38BBMYawTYMWJHFZJVnBquFE57xFpjB8pJFiF6gZ+bU+WyI/yqXiFR5mdLsgYNaPe8uao6Uv9Og==
  dependencies:
    isobject "^3.0.1"

isobject@^3.0.1:
  version "3.0.1"
  resolved "https://registry.yarnpkg.com/isobject/-/isobject-3.0.1.tgz#4e431e92b11a9731636aa1f9c8d1ccbcfdab78df"
  integrity sha1-TkMekrEalzFjaqH5yNHMvP2reN8=

slate-hyperscript@^0.11.25:
  version "0.11.25"
  resolved "https://registry.yarnpkg.com/slate-hyperscript/-/slate-hyperscript-0.11.25.tgz#7feab73a9c4afb5b91ce6932c3a952996e40d756"
  integrity sha512-Nk+vhatoxF/FApyeOnEr54lh4HMIxUJXl1ohHc05+nDoq5a7XWo8oejTbXDVevE0g8TDauP76l7lX1mkpLOsgw==
  dependencies:
    is-plain-object "^2.0.4"
